PODS:
  - Alamofire (4.7.0)
  - AMScrollingNavbar (4.2.2)
  - ChameleonFramework/Default (2.1.0)
  - ChameleonFramework/Swift (2.1.0):
    - ChameleonFramework/Default
  - Default (2.1.0)
  - NVActivityIndicatorView (4.1.1):
    - NVActivityIndicatorView/Presenter (= 4.1.1)
  - NVActivityIndicatorView/Presenter (4.1.1)
  - PromisesObjC (1.0.6)
  - PromisesSwift (1.0.6):
    - PromisesObjC (= 1.0.6)
  - SDWebImage (4.3.2):
    - SDWebImage/Core (= 4.3.2)
  - SDWebImage/Core (4.3.2)

DEPENDENCIES:
  - Alamofire (~> 4.6)
  - AMScrollingNavbar (~> 4.2.1)
  - ChameleonFramework/Swift (from `https://github.com/ViccAlexander/Chameleon.git`)
  - Default
  - NVActivityIndicatorView
  - PromisesSwift (~> 1.0)
  - SDWebImage (~> 4.0)

EXTERNAL SOURCES:
  ChameleonFramework:
    :git: https://github.com/ViccAlexander/Chameleon.git

CHECKOUT OPTIONS:
  ChameleonFramework:
    :commit: 6dd284bde21ea2e7f9fd89bc36f40df16e16369d
    :git: https://github.com/ViccAlexander/Chameleon.git

SPEC CHECKSUMS:
  Alamofire: 907e0a98eb68cdb7f9d1f541a563d6ac5dc77b25
  AMScrollingNavbar: ddeb2d3bdc2b2403ae63f76c649e10d797dbf4ae
  ChameleonFramework: d21a3cc247abfe5e37609a283a8238b03575cf64
  Default: 6b79a17b84763dac64c2e49ea1198c00ce8c2631
  NVActivityIndicatorView: 60109b9bf46efc2e71ab81453196ccdfdfeea870
  PromisesObjC: a37b7cd19f67ec3c4b44faf9055e13fa1a1b79a5
  PromisesSwift: 1f644919a1f8c3b01ef7c10b84735a013a92f175
  SDWebImage: 29bd3c0bc1f01e5eb59720847c64ad4c4ca1af5d

PODFILE CHECKSUM: f5e916a4ed891d51ab25f7ae32f66684b4cf4fa5

COCOAPODS: 1.4.0
