PODS:
  - Alamofire (4.7.0)
  - AMScrollingNavbar (4.2.4)
  - AZDropdownMenu (1.1.3)
  - ChameleonFramework/Default (2.1.0)
  - ChameleonFramework/Swift (2.1.0):
    - ChameleonFramework/Default
  - CRRefresh (1.0.7)
  - Default (2.1.0)
  - KYNavigationProgress (2.0.2)
  - NVActivityIndicatorView (4.1.1):
    - NVActivityIndicatorView/Presenter (= 4.1.1)
  - NVActivityIndicatorView/Presenter (4.1.1)
  - PromisesObjC (1.0.7)
  - PromisesSwift (1.0.7):
    - PromisesObjC (= 1.0.7)
  - RainyRefreshControl (0.4.0)
  - SDWebImage (4.3.2):
    - SDWebImage/Core (= 4.3.2)
  - SDWebImage/Core (4.3.2)

DEPENDENCIES:
  - Alamofire (~> 4.6)
  - AMScrollingNavbar (~> 4.2.1)
  - AZDropdownMenu
  - ChameleonFramework/Swift (from `https://github.com/ViccAlexander/Chameleon.git`)
  - CRRefresh
  - Default
  - KYNavigationProgress
  - NVActivityIndicatorView
  - PromisesSwift (~> 1.0)
  - RainyRefreshControl
  - SDWebImage (~> 4.0)

EXTERNAL SOURCES:
  ChameleonFramework:
    :git: https://github.com/ViccAlexander/Chameleon.git

CHECKOUT OPTIONS:
  ChameleonFramework:
    :commit: 6dd284bde21ea2e7f9fd89bc36f40df16e16369d
    :git: https://github.com/ViccAlexander/Chameleon.git

SPEC CHECKSUMS:
  Alamofire: 907e0a98eb68cdb7f9d1f541a563d6ac5dc77b25
  AMScrollingNavbar: e5676bc9caae93d1a3dd5a708d7d9b0cf2fd89d3
  AZDropdownMenu: 5aa9d598d0c8aa36ca51a7302e79b98d544d5554
  ChameleonFramework: d21a3cc247abfe5e37609a283a8238b03575cf64
  CRRefresh: 0a77b1b0d81a6a9e1ac611cb748ba3660b89601f
  Default: 6b79a17b84763dac64c2e49ea1198c00ce8c2631
  KYNavigationProgress: a380f5016e898ea4577049cf7b41895ed2a8da5a
  NVActivityIndicatorView: 60109b9bf46efc2e71ab81453196ccdfdfeea870
  PromisesObjC: e188094093ab3be6d2b975583e5c12022ad98c4f
  PromisesSwift: 60f58ca196d891f290477a58e888eb97ac17ff49
  RainyRefreshControl: de2236ad2f46d6cfb22bf029e0067b48cdcb2925
  SDWebImage: 29bd3c0bc1f01e5eb59720847c64ad4c4ca1af5d

PODFILE CHECKSUM: a5fbf69b917486be70d217ab0903d59b4066e76a

COCOAPODS: 1.4.0
