PODS:
  - Alamofire (4.7.0)
  - AMScrollingNavbar (4.2.2)
  - PromisesObjC (1.0.6)
  - PromisesSwift (1.0.6):
    - PromisesObjC (= 1.0.6)
  - SDWebImage (4.3.2):
    - SDWebImage/Core (= 4.3.2)
  - SDWebImage/Core (4.3.2)

DEPENDENCIES:
  - Alamofire (~> 4.6)
  - AMScrollingNavbar (~> 4.2.1)
  - PromisesSwift (~> 1.0)
  - SDWebImage (~> 4.0)

SPEC CHECKSUMS:
  Alamofire: 907e0a98eb68cdb7f9d1f541a563d6ac5dc77b25
  AMScrollingNavbar: ddeb2d3bdc2b2403ae63f76c649e10d797dbf4ae
  PromisesObjC: a37b7cd19f67ec3c4b44faf9055e13fa1a1b79a5
  PromisesSwift: 1f644919a1f8c3b01ef7c10b84735a013a92f175
  SDWebImage: 29bd3c0bc1f01e5eb59720847c64ad4c4ca1af5d

PODFILE CHECKSUM: 51338560ce1022712b91a3612e64b51f9a1a897b

COCOAPODS: 1.4.0
