// !$*UTF8*$!
{
	archiveVersion = 1;
	classes = {
	};
	objectVersion = 48;
	objects = {

/* Begin PBXBuildFile section */
		06028EA62053C22600FC0669 /* Comment.swift in Sources */ = {isa = PBXBuildFile; fileRef = 06028EA52053C22600FC0669 /* Comment.swift */; };
		06028EAC2053CB8A00FC0669 /* NavigationBar.swift in Sources */ = {isa = PBXBuildFile; fileRef = 06028EAB2053CB8A00FC0669 /* NavigationBar.swift */; };
		06028EB12053CFCC00FC0669 /* TSNotification.swift in Sources */ = {isa = PBXBuildFile; fileRef = 06028EAE2053CFCC00FC0669 /* TSNotification.swift */; };
		06028EB22053CFCC00FC0669 /* TSNotificationCenter.swift in Sources */ = {isa = PBXBuildFile; fileRef = 06028EAF2053CFCC00FC0669 /* TSNotificationCenter.swift */; };
		06028EB32053CFCC00FC0669 /* TSNotificationObserver.swift in Sources */ = {isa = PBXBuildFile; fileRef = 06028EB02053CFCC00FC0669 /* TSNotificationObserver.swift */; };
		06028EB52054ED8F00FC0669 /* FontName.swift in Sources */ = {isa = PBXBuildFile; fileRef = 06028EB42054ED8F00FC0669 /* FontName.swift */; };
		06028EB72054F3CA00FC0669 /* ArticlesViewController+Menu.swift in Sources */ = {isa = PBXBuildFile; fileRef = 06028EB62054F3CA00FC0669 /* ArticlesViewController+Menu.swift */; };
		0631926620E958C5005C5C8F /* RemoteStoriesFetch.swift in Sources */ = {isa = PBXBuildFile; fileRef = 0631926520E958C5005C5C8F /* RemoteStoriesFetch.swift */; };
		0631C47F2064913F00785FF8 /* LocalDataManagerFavorites.swift in Sources */ = {isa = PBXBuildFile; fileRef = 0631C47E2064913F00785FF8 /* LocalDataManagerFavorites.swift */; };
		0631C4812064924F00785FF8 /* DiskPath.swift in Sources */ = {isa = PBXBuildFile; fileRef = 0631C4802064924F00785FF8 /* DiskPath.swift */; };
		0631C4832064C76000785FF8 /* StoryDataManager+Favorites.swift in Sources */ = {isa = PBXBuildFile; fileRef = 0631C4822064C76000785FF8 /* StoryDataManager+Favorites.swift */; };
		06446BBD206B659300B460CD /* HelperFuncs.swift in Sources */ = {isa = PBXBuildFile; fileRef = 06446BBC206B659300B460CD /* HelperFuncs.swift */; };
		06A14234206205C500BAECA9 /* ArticlesViewController+Interactor.swift in Sources */ = {isa = PBXBuildFile; fileRef = 06A14233206205C500BAECA9 /* ArticlesViewController+Interactor.swift */; };
		06A14236206205FA00BAECA9 /* ArticlesViewController+SwipeDelegates.swift in Sources */ = {isa = PBXBuildFile; fileRef = 06A14235206205FA00BAECA9 /* ArticlesViewController+SwipeDelegates.swift */; };
		06A142382062065000BAECA9 /* ArticlesViewController+Tableview.swift in Sources */ = {isa = PBXBuildFile; fileRef = 06A142372062065000BAECA9 /* ArticlesViewController+Tableview.swift */; };
		06A1423A206206A900BAECA9 /* ArticlesViewController+UtilityFunctions.swift in Sources */ = {isa = PBXBuildFile; fileRef = 06A14239206206A900BAECA9 /* ArticlesViewController+UtilityFunctions.swift */; };
		06A1423C2062392300BAECA9 /* LocalDataManagerStory.swift in Sources */ = {isa = PBXBuildFile; fileRef = 06A1423B2062392300BAECA9 /* LocalDataManagerStory.swift */; };
		06ACB63620E8300900FB63A5 /* SavedStoriesViewController.swift in Sources */ = {isa = PBXBuildFile; fileRef = 06ACB63520E8300900FB63A5 /* SavedStoriesViewController.swift */; };
		06ACB63820E8302400FB63A5 /* MainStoriesViewController.swift in Sources */ = {isa = PBXBuildFile; fileRef = 06ACB63720E8302400FB63A5 /* MainStoriesViewController.swift */; };
		06ACB65120E92B8600FB63A5 /* ArchivesViewController.swift in Sources */ = {isa = PBXBuildFile; fileRef = 06ACB65020E92B8600FB63A5 /* ArchivesViewController.swift */; };
		06ACB65320E92C0400FB63A5 /* AppData.swift in Sources */ = {isa = PBXBuildFile; fileRef = 06ACB65220E92C0400FB63A5 /* AppData.swift */; };
		06EC64CC20510176009C9960 /* AppDelegate.swift in Sources */ = {isa = PBXBuildFile; fileRef = 06EC64CB20510176009C9960 /* AppDelegate.swift */; };
		06EC64D120510176009C9960 /* Main.storyboard in Resources */ = {isa = PBXBuildFile; fileRef = 06EC64CF20510176009C9960 /* Main.storyboard */; };
		06EC64D320510176009C9960 /* Assets.xcassets in Resources */ = {isa = PBXBuildFile; fileRef = 06EC64D220510176009C9960 /* Assets.xcassets */; };
		06EC64D620510176009C9960 /* LaunchScreen.storyboard in Resources */ = {isa = PBXBuildFile; fileRef = 06EC64D420510176009C9960 /* LaunchScreen.storyboard */; };
		06EC64DF20510366009C9960 /* SOperation.swift in Sources */ = {isa = PBXBuildFile; fileRef = 06EC64DE20510366009C9960 /* SOperation.swift */; };
		06EC650920520D94009C9960 /* Result.swift in Sources */ = {isa = PBXBuildFile; fileRef = 06EC64FB20520D94009C9960 /* Result.swift */; };
		06EC650A20520D94009C9960 /* StoryRequestProvider.swift in Sources */ = {isa = PBXBuildFile; fileRef = 06EC64FE20520D94009C9960 /* StoryRequestProvider.swift */; };
		06EC650B20520D94009C9960 /* StoryIDsRequestProvider.swift in Sources */ = {isa = PBXBuildFile; fileRef = 06EC64FF20520D94009C9960 /* StoryIDsRequestProvider.swift */; };
		06EC650C20520D94009C9960 /* RemoteDataController.swift in Sources */ = {isa = PBXBuildFile; fileRef = 06EC650020520D94009C9960 /* RemoteDataController.swift */; };
		06EC650D20520D94009C9960 /* StoryIDs.swift in Sources */ = {isa = PBXBuildFile; fileRef = 06EC650220520D94009C9960 /* StoryIDs.swift */; };
		06EC650E20520D94009C9960 /* Story.swift in Sources */ = {isa = PBXBuildFile; fileRef = 06EC650320520D94009C9960 /* Story.swift */; };
		06EC650F20520D94009C9960 /* StoryIdsDataManager.swift in Sources */ = {isa = PBXBuildFile; fileRef = 06EC650520520D94009C9960 /* StoryIdsDataManager.swift */; };
		06EC651120520D94009C9960 /* Router.swift in Sources */ = {isa = PBXBuildFile; fileRef = 06EC650820520D94009C9960 /* Router.swift */; };
		06EC651320521006009C9960 /* StoryDataManager.swift in Sources */ = {isa = PBXBuildFile; fileRef = 06EC651220521006009C9960 /* StoryDataManager.swift */; };
		06EC651920521F8D009C9960 /* ArticlesViewController.swift in Sources */ = {isa = PBXBuildFile; fileRef = 06EC651720521F8D009C9960 /* ArticlesViewController.swift */; };
		06EC651A20521F8D009C9960 /* ArticlesController.swift in Sources */ = {isa = PBXBuildFile; fileRef = 06EC651820521F8D009C9960 /* ArticlesController.swift */; };
		06EC651D205226F7009C9960 /* ArticlesTCell.swift in Sources */ = {isa = PBXBuildFile; fileRef = 06EC651C205226F6009C9960 /* ArticlesTCell.swift */; };
		06EC652220526410009C9960 /* NewsDetailViewController.swift in Sources */ = {isa = PBXBuildFile; fileRef = 06EC652020526410009C9960 /* NewsDetailViewController.swift */; };
		06EC652320526410009C9960 /* NewsDetailViewController.xib in Resources */ = {isa = PBXBuildFile; fileRef = 06EC652120526410009C9960 /* NewsDetailViewController.xib */; };
		1A5B9A8FAD1478009D70C729 /* Pods_HackerMash.framework in Frameworks */ = {isa = PBXBuildFile; fileRef = C1AC1AF1127EDD10F30F6113 /* Pods_HackerMash.framework */; };
/* End PBXBuildFile section */

/* Begin PBXFileReference section */
		06028EA52053C22600FC0669 /* Comment.swift */ = {isa = PBXFileReference; lastKnownFileType = sourcecode.swift; path = Comment.swift; sourceTree = "<group>"; };
		06028EAB2053CB8A00FC0669 /* NavigationBar.swift */ = {isa = PBXFileReference; lastKnownFileType = sourcecode.swift; path = NavigationBar.swift; sourceTree = "<group>"; };
		06028EAE2053CFCC00FC0669 /* TSNotification.swift */ = {isa = PBXFileReference; fileEncoding = 4; lastKnownFileType = sourcecode.swift; path = TSNotification.swift; sourceTree = "<group>"; };
		06028EAF2053CFCC00FC0669 /* TSNotificationCenter.swift */ = {isa = PBXFileReference; fileEncoding = 4; lastKnownFileType = sourcecode.swift; path = TSNotificationCenter.swift; sourceTree = "<group>"; };
		06028EB02053CFCC00FC0669 /* TSNotificationObserver.swift */ = {isa = PBXFileReference; fileEncoding = 4; lastKnownFileType = sourcecode.swift; path = TSNotificationObserver.swift; sourceTree = "<group>"; };
		06028EB42054ED8F00FC0669 /* FontName.swift */ = {isa = PBXFileReference; lastKnownFileType = sourcecode.swift; path = FontName.swift; sourceTree = "<group>"; };
		06028EB62054F3CA00FC0669 /* ArticlesViewController+Menu.swift */ = {isa = PBXFileReference; lastKnownFileType = sourcecode.swift; path = "ArticlesViewController+Menu.swift"; sourceTree = "<group>"; };
		0631926520E958C5005C5C8F /* RemoteStoriesFetch.swift */ = {isa = PBXFileReference; lastKnownFileType = sourcecode.swift; path = RemoteStoriesFetch.swift; sourceTree = "<group>"; };
		0631C47E2064913F00785FF8 /* LocalDataManagerFavorites.swift */ = {isa = PBXFileReference; lastKnownFileType = sourcecode.swift; path = LocalDataManagerFavorites.swift; sourceTree = "<group>"; };
		0631C4802064924F00785FF8 /* DiskPath.swift */ = {isa = PBXFileReference; lastKnownFileType = sourcecode.swift; path = DiskPath.swift; sourceTree = "<group>"; };
		0631C4822064C76000785FF8 /* StoryDataManager+Favorites.swift */ = {isa = PBXFileReference; lastKnownFileType = sourcecode.swift; path = "StoryDataManager+Favorites.swift"; sourceTree = "<group>"; };
		06446BBC206B659300B460CD /* HelperFuncs.swift */ = {isa = PBXFileReference; lastKnownFileType = sourcecode.swift; path = HelperFuncs.swift; sourceTree = "<group>"; };
		06A14233206205C500BAECA9 /* ArticlesViewController+Interactor.swift */ = {isa = PBXFileReference; lastKnownFileType = sourcecode.swift; path = "ArticlesViewController+Interactor.swift"; sourceTree = "<group>"; };
		06A14235206205FA00BAECA9 /* ArticlesViewController+SwipeDelegates.swift */ = {isa = PBXFileReference; lastKnownFileType = sourcecode.swift; path = "ArticlesViewController+SwipeDelegates.swift"; sourceTree = "<group>"; };
		06A142372062065000BAECA9 /* ArticlesViewController+Tableview.swift */ = {isa = PBXFileReference; lastKnownFileType = sourcecode.swift; path = "ArticlesViewController+Tableview.swift"; sourceTree = "<group>"; };
		06A14239206206A900BAECA9 /* ArticlesViewController+UtilityFunctions.swift */ = {isa = PBXFileReference; lastKnownFileType = sourcecode.swift; path = "ArticlesViewController+UtilityFunctions.swift"; sourceTree = "<group>"; };
		06A1423B2062392300BAECA9 /* LocalDataManagerStory.swift */ = {isa = PBXFileReference; lastKnownFileType = sourcecode.swift; path = LocalDataManagerStory.swift; sourceTree = "<group>"; };
		06ACB63520E8300900FB63A5 /* SavedStoriesViewController.swift */ = {isa = PBXFileReference; lastKnownFileType = sourcecode.swift; path = SavedStoriesViewController.swift; sourceTree = "<group>"; };
		06ACB63720E8302400FB63A5 /* MainStoriesViewController.swift */ = {isa = PBXFileReference; lastKnownFileType = sourcecode.swift; path = MainStoriesViewController.swift; sourceTree = "<group>"; };
		06ACB65020E92B8600FB63A5 /* ArchivesViewController.swift */ = {isa = PBXFileReference; lastKnownFileType = sourcecode.swift; path = ArchivesViewController.swift; sourceTree = "<group>"; };
		06ACB65220E92C0400FB63A5 /* AppData.swift */ = {isa = PBXFileReference; lastKnownFileType = sourcecode.swift; path = AppData.swift; sourceTree = "<group>"; };
		06EC64C820510176009C9960 /* HackerMash.app */ = {isa = PBXFileReference; explicitFileType = wrapper.application; includeInIndex = 0; path = HackerMash.app; sourceTree = BUILT_PRODUCTS_DIR; };
		06EC64CB20510176009C9960 /* AppDelegate.swift */ = {isa = PBXFileReference; lastKnownFileType = sourcecode.swift; path = AppDelegate.swift; sourceTree = "<group>"; };
		06EC64D020510176009C9960 /* Base */ = {isa = PBXFileReference; lastKnownFileType = file.storyboard; name = Base; path = Base.lproj/Main.storyboard; sourceTree = "<group>"; };
		06EC64D220510176009C9960 /* Assets.xcassets */ = {isa = PBXFileReference; lastKnownFileType = folder.assetcatalog; path = Assets.xcassets; sourceTree = "<group>"; };
		06EC64D520510176009C9960 /* Base */ = {isa = PBXFileReference; lastKnownFileType = file.storyboard; name = Base; path = Base.lproj/LaunchScreen.storyboard; sourceTree = "<group>"; };
		06EC64D720510176009C9960 /* Info.plist */ = {isa = PBXFileReference; lastKnownFileType = text.plist.xml; path = Info.plist; sourceTree = "<group>"; };
		06EC64DE20510366009C9960 /* SOperation.swift */ = {isa = PBXFileReference; fileEncoding = 4; lastKnownFileType = sourcecode.swift; path = SOperation.swift; sourceTree = "<group>"; };
		06EC64FB20520D94009C9960 /* Result.swift */ = {isa = PBXFileReference; fileEncoding = 4; lastKnownFileType = sourcecode.swift; path = Result.swift; sourceTree = "<group>"; };
		06EC64FE20520D94009C9960 /* StoryRequestProvider.swift */ = {isa = PBXFileReference; fileEncoding = 4; lastKnownFileType = sourcecode.swift; path = StoryRequestProvider.swift; sourceTree = "<group>"; };
		06EC64FF20520D94009C9960 /* StoryIDsRequestProvider.swift */ = {isa = PBXFileReference; fileEncoding = 4; lastKnownFileType = sourcecode.swift; path = StoryIDsRequestProvider.swift; sourceTree = "<group>"; };
		06EC650020520D94009C9960 /* RemoteDataController.swift */ = {isa = PBXFileReference; fileEncoding = 4; lastKnownFileType = sourcecode.swift; path = RemoteDataController.swift; sourceTree = "<group>"; };
		06EC650220520D94009C9960 /* StoryIDs.swift */ = {isa = PBXFileReference; fileEncoding = 4; lastKnownFileType = sourcecode.swift; path = StoryIDs.swift; sourceTree = "<group>"; };
		06EC650320520D94009C9960 /* Story.swift */ = {isa = PBXFileReference; fileEncoding = 4; lastKnownFileType = sourcecode.swift; path = Story.swift; sourceTree = "<group>"; };
		06EC650520520D94009C9960 /* StoryIdsDataManager.swift */ = {isa = PBXFileReference; fileEncoding = 4; lastKnownFileType = sourcecode.swift; path = StoryIdsDataManager.swift; sourceTree = "<group>"; };
		06EC650820520D94009C9960 /* Router.swift */ = {isa = PBXFileReference; fileEncoding = 4; lastKnownFileType = sourcecode.swift; path = Router.swift; sourceTree = "<group>"; };
		06EC651220521006009C9960 /* StoryDataManager.swift */ = {isa = PBXFileReference; lastKnownFileType = sourcecode.swift; path = StoryDataManager.swift; sourceTree = "<group>"; };
		06EC651720521F8D009C9960 /* ArticlesViewController.swift */ = {isa = PBXFileReference; fileEncoding = 4; lastKnownFileType = sourcecode.swift; path = ArticlesViewController.swift; sourceTree = "<group>"; };
		06EC651820521F8D009C9960 /* ArticlesController.swift */ = {isa = PBXFileReference; fileEncoding = 4; lastKnownFileType = sourcecode.swift; path = ArticlesController.swift; sourceTree = "<group>"; };
		06EC651C205226F6009C9960 /* ArticlesTCell.swift */ = {isa = PBXFileReference; lastKnownFileType = sourcecode.swift; path = ArticlesTCell.swift; sourceTree = "<group>"; };
		06EC652020526410009C9960 /* NewsDetailViewController.swift */ = {isa = PBXFileReference; fileEncoding = 4; lastKnownFileType = sourcecode.swift; path = NewsDetailViewController.swift; sourceTree = "<group>"; };
		06EC652120526410009C9960 /* NewsDetailViewController.xib */ = {isa = PBXFileReference; fileEncoding = 4; lastKnownFileType = file.xib; path = NewsDetailViewController.xib; sourceTree = "<group>"; };
		142DF01CCB8D917F91E0074B /* Pods-HackerMash.debug.xcconfig */ = {isa = PBXFileReference; includeInIndex = 1; lastKnownFileType = text.xcconfig; name = "Pods-HackerMash.debug.xcconfig"; path = "Pods/Target Support Files/Pods-HackerMash/Pods-HackerMash.debug.xcconfig"; sourceTree = "<group>"; };
		BD04C8FAFB87A5361869B710 /* Pods-HackerMash.release.xcconfig */ = {isa = PBXFileReference; includeInIndex = 1; lastKnownFileType = text.xcconfig; name = "Pods-HackerMash.release.xcconfig"; path = "Pods/Target Support Files/Pods-HackerMash/Pods-HackerMash.release.xcconfig"; sourceTree = "<group>"; };
		C1AC1AF1127EDD10F30F6113 /* Pods_HackerMash.framework */ = {isa = PBXFileReference; explicitFileType = wrapper.framework; includeInIndex = 0; path = Pods_HackerMash.framework; sourceTree = BUILT_PRODUCTS_DIR; };
/* End PBXFileReference section */

/* Begin PBXFrameworksBuildPhase section */
		06EC64C520510176009C9960 /* Frameworks */ = {
			isa = PBXFrameworksBuildPhase;
			buildActionMask = 2147483647;
			files = (
				1A5B9A8FAD1478009D70C729 /* Pods_HackerMash.framework in Frameworks */,
			);
			runOnlyForDeploymentPostprocessing = 0;
		};
/* End PBXFrameworksBuildPhase section */

/* Begin PBXGroup section */
		06028EA0205395DC00FC0669 /* KidsArticlesController */ = {
			isa = PBXGroup;
			children = (
			);
			path = KidsArticlesController;
			sourceTree = "<group>";
		};
		06028EAA2053CB6E00FC0669 /* Extensions */ = {
			isa = PBXGroup;
			children = (
				06028EAB2053CB8A00FC0669 /* NavigationBar.swift */,
			);
			path = Extensions;
			sourceTree = "<group>";
		};
		06028EAD2053CFCC00FC0669 /* TSNotiifcation */ = {
			isa = PBXGroup;
			children = (
				06028EAE2053CFCC00FC0669 /* TSNotification.swift */,
				06028EAF2053CFCC00FC0669 /* TSNotificationCenter.swift */,
				06028EB02053CFCC00FC0669 /* TSNotificationObserver.swift */,
			);
			path = TSNotiifcation;
			sourceTree = "<group>";
		};
		06028EB82054F77700FC0669 /* LocalDataManager */ = {
			isa = PBXGroup;
			children = (
				0631C47E2064913F00785FF8 /* LocalDataManagerFavorites.swift */,
				06A1423B2062392300BAECA9 /* LocalDataManagerStory.swift */,
				0631C4802064924F00785FF8 /* DiskPath.swift */,
			);
			path = LocalDataManager;
			sourceTree = "<group>";
		};
		06ACB63420E82FE600FB63A5 /* SavedStoriesViewController */ = {
			isa = PBXGroup;
			children = (
				06ACB63520E8300900FB63A5 /* SavedStoriesViewController.swift */,
			);
			path = SavedStoriesViewController;
			sourceTree = "<group>";
		};
		06ACB63920E8302800FB63A5 /* MainStoriesViewController */ = {
			isa = PBXGroup;
			children = (
				06ACB63720E8302400FB63A5 /* MainStoriesViewController.swift */,
			);
			path = MainStoriesViewController;
			sourceTree = "<group>";
		};
		06ACB64F20E92B5A00FB63A5 /* ArchivesViewController */ = {
			isa = PBXGroup;
			children = (
				06ACB65020E92B8600FB63A5 /* ArchivesViewController.swift */,
			);
			path = ArchivesViewController;
			sourceTree = "<group>";
		};
		06EC64BF20510176009C9960 = {
			isa = PBXGroup;
			children = (
				06028EAD2053CFCC00FC0669 /* TSNotiifcation */,
				06EC64CA20510176009C9960 /* HackerMash */,
				06EC64C920510176009C9960 /* Products */,
				1519C6911BAC1C3EFE31C197 /* Pods */,
				A3C8EB07AFC18BAD4985E2C4 /* Frameworks */,
			);
			sourceTree = "<group>";
		};
		06EC64C920510176009C9960 /* Products */ = {
			isa = PBXGroup;
			children = (
				06EC64C820510176009C9960 /* HackerMash.app */,
			);
			name = Products;
			sourceTree = "<group>";
		};
		06EC64CA20510176009C9960 /* HackerMash */ = {
			isa = PBXGroup;
			children = (
				06ACB65220E92C0400FB63A5 /* AppData.swift */,
				06EC650420520D94009C9960 /* DataManagers */,
				06EC64FC20520D94009C9960 /* RemoteDataControllers */,
				06028EB82054F77700FC0669 /* LocalDataManager */,
				06028EAA2053CB6E00FC0669 /* Extensions */,
				06EC650120520D94009C9960 /* Models */,
				06EC650720520D94009C9960 /* Router */,
				06EC64FA20520D94009C9960 /* Utils */,
				06EC64DD20510366009C9960 /* Operation */,
				06EC64CB20510176009C9960 /* AppDelegate.swift */,
				06EC651E20526403009C9960 /* ViewControllers */,
				06EC64CF20510176009C9960 /* Main.storyboard */,
				06EC64D220510176009C9960 /* Assets.xcassets */,
				06EC64D420510176009C9960 /* LaunchScreen.storyboard */,
				06EC64D720510176009C9960 /* Info.plist */,
			);
			path = HackerMash;
			sourceTree = "<group>";
		};
		06EC64DD20510366009C9960 /* Operation */ = {
			isa = PBXGroup;
			children = (
				06EC64DE20510366009C9960 /* SOperation.swift */,
			);
			path = Operation;
			sourceTree = "<group>";
		};
		06EC64FA20520D94009C9960 /* Utils */ = {
			isa = PBXGroup;
			children = (
				06EC64FB20520D94009C9960 /* Result.swift */,
				06446BBC206B659300B460CD /* HelperFuncs.swift */,
				06028EB42054ED8F00FC0669 /* FontName.swift */,
			);
			path = Utils;
			sourceTree = "<group>";
		};
		06EC64FC20520D94009C9960 /* RemoteDataControllers */ = {
			isa = PBXGroup;
			children = (
				06EC64FD20520D94009C9960 /* RequestProvider */,
				06EC650020520D94009C9960 /* RemoteDataController.swift */,
				0631926520E958C5005C5C8F /* RemoteStoriesFetch.swift */,
			);
			path = RemoteDataControllers;
			sourceTree = "<group>";
		};
		06EC64FD20520D94009C9960 /* RequestProvider */ = {
			isa = PBXGroup;
			children = (
				06EC64FE20520D94009C9960 /* StoryRequestProvider.swift */,
				06EC64FF20520D94009C9960 /* StoryIDsRequestProvider.swift */,
			);
			path = RequestProvider;
			sourceTree = "<group>";
		};
		06EC650120520D94009C9960 /* Models */ = {
			isa = PBXGroup;
			children = (
				06EC650220520D94009C9960 /* StoryIDs.swift */,
				06EC650320520D94009C9960 /* Story.swift */,
				06028EA52053C22600FC0669 /* Comment.swift */,
			);
			path = Models;
			sourceTree = "<group>";
		};
		06EC650420520D94009C9960 /* DataManagers */ = {
			isa = PBXGroup;
			children = (
				06EC650520520D94009C9960 /* StoryIdsDataManager.swift */,
				06EC651220521006009C9960 /* StoryDataManager.swift */,
				0631C4822064C76000785FF8 /* StoryDataManager+Favorites.swift */,
			);
			path = DataManagers;
			sourceTree = "<group>";
		};
		06EC650720520D94009C9960 /* Router */ = {
			isa = PBXGroup;
			children = (
				06EC650820520D94009C9960 /* Router.swift */,
			);
			path = Router;
			sourceTree = "<group>";
		};
		06EC651620521F8D009C9960 /* ArticlesViewController(Main) */ = {
			isa = PBXGroup;
			children = (
				06EC651B205226DD009C9960 /* Cell */,
				06EC651720521F8D009C9960 /* ArticlesViewController.swift */,
				06028EB62054F3CA00FC0669 /* ArticlesViewController+Menu.swift */,
				06A14233206205C500BAECA9 /* ArticlesViewController+Interactor.swift */,
				06A14235206205FA00BAECA9 /* ArticlesViewController+SwipeDelegates.swift */,
				06A142372062065000BAECA9 /* ArticlesViewController+Tableview.swift */,
				06A14239206206A900BAECA9 /* ArticlesViewController+UtilityFunctions.swift */,
				06EC651820521F8D009C9960 /* ArticlesController.swift */,
			);
			path = "ArticlesViewController(Main)";
			sourceTree = "<group>";
		};
		06EC651B205226DD009C9960 /* Cell */ = {
			isa = PBXGroup;
			children = (
				06EC651C205226F6009C9960 /* ArticlesTCell.swift */,
			);
			path = Cell;
			sourceTree = "<group>";
		};
		06EC651E20526403009C9960 /* ViewControllers */ = {
			isa = PBXGroup;
			children = (
				06ACB64F20E92B5A00FB63A5 /* ArchivesViewController */,
				06ACB63920E8302800FB63A5 /* MainStoriesViewController */,
				06ACB63420E82FE600FB63A5 /* SavedStoriesViewController */,
				06028EA0205395DC00FC0669 /* KidsArticlesController */,
				06EC651F20526410009C9960 /* DetailNewsScreen */,
				06EC651620521F8D009C9960 /* ArticlesViewController(Main) */,
			);
			path = ViewControllers;
			sourceTree = "<group>";
		};
		06EC651F20526410009C9960 /* DetailNewsScreen */ = {
			isa = PBXGroup;
			children = (
				06EC652020526410009C9960 /* NewsDetailViewController.swift */,
				06EC652120526410009C9960 /* NewsDetailViewController.xib */,
			);
			path = DetailNewsScreen;
			sourceTree = "<group>";
		};
		1519C6911BAC1C3EFE31C197 /* Pods */ = {
			isa = PBXGroup;
			children = (
				142DF01CCB8D917F91E0074B /* Pods-HackerMash.debug.xcconfig */,
				BD04C8FAFB87A5361869B710 /* Pods-HackerMash.release.xcconfig */,
			);
			name = Pods;
			sourceTree = "<group>";
		};
		A3C8EB07AFC18BAD4985E2C4 /* Frameworks */ = {
			isa = PBXGroup;
			children = (
				C1AC1AF1127EDD10F30F6113 /* Pods_HackerMash.framework */,
			);
			name = Frameworks;
			sourceTree = "<group>";
		};
/* End PBXGroup section */

/* Begin PBXNativeTarget section */
		06EC64C720510176009C9960 /* HackerMash */ = {
			isa = PBXNativeTarget;
			buildConfigurationList = 06EC64DA20510176009C9960 /* Build configuration list for PBXNativeTarget "HackerMash" */;
			buildPhases = (
				02371C7B13A8574E87AB3E28 /* [CP] Check Pods Manifest.lock */,
				06EC64C420510176009C9960 /* Sources */,
				06EC64C520510176009C9960 /* Frameworks */,
				06EC64C620510176009C9960 /* Resources */,
				AB57AA97F7944EE6F8FB90D0 /* [CP] Embed Pods Frameworks */,
			);
			buildRules = (
			);
			dependencies = (
			);
			name = HackerMash;
			productName = HackerMash;
			productReference = 06EC64C820510176009C9960 /* HackerMash.app */;
			productType = "com.apple.product-type.application";
		};
/* End PBXNativeTarget section */

/* Begin PBXProject section */
		06EC64C020510176009C9960 /* Project object */ = {
			isa = PBXProject;
			attributes = {
				LastSwiftUpdateCheck = 0920;
				LastUpgradeCheck = 0920;
				ORGANIZATIONNAME = "Manish Singh";
				TargetAttributes = {
					06EC64C720510176009C9960 = {
						CreatedOnToolsVersion = 9.2;
						ProvisioningStyle = Automatic;
					};
				};
			};
			buildConfigurationList = 06EC64C320510176009C9960 /* Build configuration list for PBXProject "HackerMash" */;
			compatibilityVersion = "Xcode 8.0";
			developmentRegion = en;
			hasScannedForEncodings = 0;
			knownRegions = (
				en,
				Base,
			);
			mainGroup = 06EC64BF20510176009C9960;
			productRefGroup = 06EC64C920510176009C9960 /* Products */;
			projectDirPath = "";
			projectRoot = "";
			targets = (
				06EC64C720510176009C9960 /* HackerMash */,
			);
		};
/* End PBXProject section */

/* Begin PBXResourcesBuildPhase section */
		06EC64C620510176009C9960 /* Resources */ = {
			isa = PBXResourcesBuildPhase;
			buildActionMask = 2147483647;
			files = (
				06EC652320526410009C9960 /* NewsDetailViewController.xib in Resources */,
				06EC64D620510176009C9960 /* LaunchScreen.storyboard in Resources */,
				06EC64D320510176009C9960 /* Assets.xcassets in Resources */,
				06EC64D120510176009C9960 /* Main.storyboard in Resources */,
			);
			runOnlyForDeploymentPostprocessing = 0;
		};
/* End PBXResourcesBuildPhase section */

/* Begin PBXShellScriptBuildPhase section */
		02371C7B13A8574E87AB3E28 /* [CP] Check Pods Manifest.lock */ = {
			isa = PBXShellScriptBuildPhase;
			buildActionMask = 2147483647;
			files = (
			);
			inputPaths = (
				"${PODS_PODFILE_DIR_PATH}/Podfile.lock",
				"${PODS_ROOT}/Manifest.lock",
			);
			name = "[CP] Check Pods Manifest.lock";
			outputPaths = (
				"$(DERIVED_FILE_DIR)/Pods-HackerMash-checkManifestLockResult.txt",
			);
			runOnlyForDeploymentPostprocessing = 0;
			shellPath = /bin/sh;
			shellScript = "diff \"${PODS_PODFILE_DIR_PATH}/Podfile.lock\" \"${PODS_ROOT}/Manifest.lock\" > /dev/null\nif [ $? != 0 ] ; then\n    # print error to STDERR\n    echo \"error: The sandbox is not in sync with the Podfile.lock. Run 'pod install' or update your CocoaPods installation.\" >&2\n    exit 1\nfi\n# This output is used by Xcode 'outputs' to avoid re-running this script phase.\necho \"SUCCESS\" > \"${SCRIPT_OUTPUT_FILE_0}\"\n";
			showEnvVarsInLog = 0;
		};
		AB57AA97F7944EE6F8FB90D0 /* [CP] Embed Pods Frameworks */ = {
			isa = PBXShellScriptBuildPhase;
			buildActionMask = 2147483647;
			files = (
			);
			inputPaths = (
				"${SRCROOT}/Pods/Target Support Files/Pods-HackerMash/Pods-HackerMash-frameworks.sh",
				"${BUILT_PRODUCTS_DIR}/AMScrollingNavbar/AMScrollingNavbar.framework",
				"${BUILT_PRODUCTS_DIR}/AZDropdownMenu/AZDropdownMenu.framework",
				"${BUILT_PRODUCTS_DIR}/Alamofire/Alamofire.framework",
				"${BUILT_PRODUCTS_DIR}/ChameleonFramework/ChameleonFramework.framework",
				"${BUILT_PRODUCTS_DIR}/KYNavigationProgress/KYNavigationProgress.framework",
				"${BUILT_PRODUCTS_DIR}/NVActivityIndicatorView/NVActivityIndicatorView.framework",
				"${BUILT_PRODUCTS_DIR}/Popover/Popover.framework",
				"${BUILT_PRODUCTS_DIR}/PromisesObjC/FBLPromises.framework",
				"${BUILT_PRODUCTS_DIR}/PromisesSwift/Promises.framework",
				"${BUILT_PRODUCTS_DIR}/SDWebImage/SDWebImage.framework",
				"${BUILT_PRODUCTS_DIR}/SwipeCellKit/SwipeCellKit.framework",
				"${BUILT_PRODUCTS_DIR}/UIView+Shake/UIView_Shake.framework",
			);
			name = "[CP] Embed Pods Frameworks";
			outputPaths = (
				"${TARGET_BUILD_DIR}/${FRAMEWORKS_FOLDER_PATH}/AMScrollingNavbar.framework",
				"${TARGET_BUILD_DIR}/${FRAMEWORKS_FOLDER_PATH}/AZDropdownMenu.framework",
				"${TARGET_BUILD_DIR}/${FRAMEWORKS_FOLDER_PATH}/Alamofire.framework",
				"${TARGET_BUILD_DIR}/${FRAMEWORKS_FOLDER_PATH}/ChameleonFramework.framework",
				"${TARGET_BUILD_DIR}/${FRAMEWORKS_FOLDER_PATH}/KYNavigationProgress.framework",
				"${TARGET_BUILD_DIR}/${FRAMEWORKS_FOLDER_PATH}/NVActivityIndicatorView.framework",
				"${TARGET_BUILD_DIR}/${FRAMEWORKS_FOLDER_PATH}/Popover.framework",
				"${TARGET_BUILD_DIR}/${FRAMEWORKS_FOLDER_PATH}/FBLPromises.framework",
				"${TARGET_BUILD_DIR}/${FRAMEWORKS_FOLDER_PATH}/Promises.framework",
				"${TARGET_BUILD_DIR}/${FRAMEWORKS_FOLDER_PATH}/SDWebImage.framework",
				"${TARGET_BUILD_DIR}/${FRAMEWORKS_FOLDER_PATH}/SwipeCellKit.framework",
				"${TARGET_BUILD_DIR}/${FRAMEWORKS_FOLDER_PATH}/UIView_Shake.framework",
			);
			runOnlyForDeploymentPostprocessing = 0;
			shellPath = /bin/sh;
			shellScript = "\"${SRCROOT}/Pods/Target Support Files/Pods-HackerMash/Pods-HackerMash-frameworks.sh\"\n";
			showEnvVarsInLog = 0;
		};
/* End PBXShellScriptBuildPhase section */

/* Begin PBXSourcesBuildPhase section */
		06EC64C420510176009C9960 /* Sources */ = {
			isa = PBXSourcesBuildPhase;
			buildActionMask = 2147483647;
			files = (
				06EC650B20520D94009C9960 /* StoryIDsRequestProvider.swift in Sources */,
				06EC650A20520D94009C9960 /* StoryRequestProvider.swift in Sources */,
				06EC651A20521F8D009C9960 /* ArticlesController.swift in Sources */,
				06EC651D205226F7009C9960 /* ArticlesTCell.swift in Sources */,
				06028EB32053CFCC00FC0669 /* TSNotificationObserver.swift in Sources */,
				06EC651920521F8D009C9960 /* ArticlesViewController.swift in Sources */,
				06EC650920520D94009C9960 /* Result.swift in Sources */,
				06EC64DF20510366009C9960 /* SOperation.swift in Sources */,
				06028EB72054F3CA00FC0669 /* ArticlesViewController+Menu.swift in Sources */,
				06ACB65120E92B8600FB63A5 /* ArchivesViewController.swift in Sources */,
				0631926620E958C5005C5C8F /* RemoteStoriesFetch.swift in Sources */,
				06EC64CC20510176009C9960 /* AppDelegate.swift in Sources */,
				06A14236206205FA00BAECA9 /* ArticlesViewController+SwipeDelegates.swift in Sources */,
				06EC652220526410009C9960 /* NewsDetailViewController.swift in Sources */,
				06ACB63620E8300900FB63A5 /* SavedStoriesViewController.swift in Sources */,
				06A142382062065000BAECA9 /* ArticlesViewController+Tableview.swift in Sources */,
				06A1423A206206A900BAECA9 /* ArticlesViewController+UtilityFunctions.swift in Sources */,
				06EC650C20520D94009C9960 /* RemoteDataController.swift in Sources */,
				06028EAC2053CB8A00FC0669 /* NavigationBar.swift in Sources */,
				06028EB52054ED8F00FC0669 /* FontName.swift in Sources */,
				06EC650F20520D94009C9960 /* StoryIdsDataManager.swift in Sources */,
				06EC651320521006009C9960 /* StoryDataManager.swift in Sources */,
				06A1423C2062392300BAECA9 /* LocalDataManagerStory.swift in Sources */,
				06EC650D20520D94009C9960 /* StoryIDs.swift in Sources */,
				06ACB63820E8302400FB63A5 /* MainStoriesViewController.swift in Sources */,
				06EC650E20520D94009C9960 /* Story.swift in Sources */,
				06028EA62053C22600FC0669 /* Comment.swift in Sources */,
				0631C4812064924F00785FF8 /* DiskPath.swift in Sources */,
				0631C47F2064913F00785FF8 /* LocalDataManagerFavorites.swift in Sources */,
				06EC651120520D94009C9960 /* Router.swift in Sources */,
				06028EB22053CFCC00FC0669 /* TSNotificationCenter.swift in Sources */,
				06A14234206205C500BAECA9 /* ArticlesViewController+Interactor.swift in Sources */,
				0631C4832064C76000785FF8 /* StoryDataManager+Favorites.swift in Sources */,
				06446BBD206B659300B460CD /* HelperFuncs.swift in Sources */,
				06028EB12053CFCC00FC0669 /* TSNotification.swift in Sources */,
				06ACB65320E92C0400FB63A5 /* AppData.swift in Sources */,
			);
			runOnlyForDeploymentPostprocessing = 0;
		};
/* End PBXSourcesBuildPhase section */

/* Begin PBXVariantGroup section */
		06EC64CF20510176009C9960 /* Main.storyboard */ = {
			isa = PBXVariantGroup;
			children = (
				06EC64D020510176009C9960 /* Base */,
			);
			name = Main.storyboard;
			sourceTree = "<group>";
		};
		06EC64D420510176009C9960 /* LaunchScreen.storyboard */ = {
			isa = PBXVariantGroup;
			children = (
				06EC64D520510176009C9960 /* Base */,
			);
			name = LaunchScreen.storyboard;
			sourceTree = "<group>";
		};
/* End PBXVariantGroup section */

/* Begin XCBuildConfiguration section */
		06EC64D820510176009C9960 /* Debug */ = {
			isa = XCBuildConfiguration;
			buildSettings = {
				ALWAYS_SEARCH_USER_PATHS = NO;
				CLANG_ANALYZER_NONNULL = YES;
				CLANG_ANALYZER_NUMBER_OBJECT_CONVERSION = YES_AGGRESSIVE;
				CLANG_CXX_LANGUAGE_STANDARD = "gnu++14";
				CLANG_CXX_LIBRARY = "libc++";
				CLANG_ENABLE_MODULES = YES;
				CLANG_ENABLE_OBJC_ARC = YES;
				CLANG_WARN_BLOCK_CAPTURE_AUTORELEASING = YES;
				CLANG_WARN_BOOL_CONVERSION = YES;
				CLANG_WARN_COMMA = YES;
				CLANG_WARN_CONSTANT_CONVERSION = YES;
				CLANG_WARN_DIRECT_OBJC_ISA_USAGE = YES_ERROR;
				CLANG_WARN_DOCUMENTATION_COMMENTS = YES;
				CLANG_WARN_EMPTY_BODY = YES;
				CLANG_WARN_ENUM_CONVERSION = YES;
				CLANG_WARN_INFINITE_RECURSION = YES;
				CLANG_WARN_INT_CONVERSION = YES;
				CLANG_WARN_NON_LITERAL_NULL_CONVERSION = YES;
				CLANG_WARN_OBJC_LITERAL_CONVERSION = YES;
				CLANG_WARN_OBJC_ROOT_CLASS = YES_ERROR;
				CLANG_WARN_RANGE_LOOP_ANALYSIS = YES;
				CLANG_WARN_STRICT_PROTOTYPES = YES;
				CLANG_WARN_SUSPICIOUS_MOVE = YES;
				CLANG_WARN_UNGUARDED_AVAILABILITY = YES_AGGRESSIVE;
				CLANG_WARN_UNREACHABLE_CODE = YES;
				CLANG_WARN__DUPLICATE_METHOD_MATCH = YES;
				CODE_SIGN_IDENTITY = "iPhone Developer";
				COPY_PHASE_STRIP = NO;
				DEBUG_INFORMATION_FORMAT = dwarf;
				ENABLE_STRICT_OBJC_MSGSEND = YES;
				ENABLE_TESTABILITY = YES;
				GCC_C_LANGUAGE_STANDARD = gnu11;
				GCC_DYNAMIC_NO_PIC = NO;
				GCC_NO_COMMON_BLOCKS = YES;
				GCC_OPTIMIZATION_LEVEL = 0;
				GCC_PREPROCESSOR_DEFINITIONS = (
					"DEBUG=1",
					"$(inherited)",
				);
				GCC_WARN_64_TO_32_BIT_CONVERSION = YES;
				GCC_WARN_ABOUT_RETURN_TYPE = YES_ERROR;
				GCC_WARN_UNDECLARED_SELECTOR = YES;
				GCC_WARN_UNINITIALIZED_AUTOS = YES_AGGRESSIVE;
				GCC_WARN_UNUSED_FUNCTION = YES;
				GCC_WARN_UNUSED_VARIABLE = YES;
				IPHONEOS_DEPLOYMENT_TARGET = 11.2;
				MTL_ENABLE_DEBUG_INFO = YES;
				ONLY_ACTIVE_ARCH = YES;
				SDKROOT = iphoneos;
				SWIFT_ACTIVE_COMPILATION_CONDITIONS = DEBUG;
				SWIFT_OPTIMIZATION_LEVEL = "-Onone";
			};
			name = Debug;
		};
		06EC64D920510176009C9960 /* Release */ = {
			isa = XCBuildConfiguration;
			buildSettings = {
				ALWAYS_SEARCH_USER_PATHS = NO;
				CLANG_ANALYZER_NONNULL = YES;
				CLANG_ANALYZER_NUMBER_OBJECT_CONVERSION = YES_AGGRESSIVE;
				CLANG_CXX_LANGUAGE_STANDARD = "gnu++14";
				CLANG_CXX_LIBRARY = "libc++";
				CLANG_ENABLE_MODULES = YES;
				CLANG_ENABLE_OBJC_ARC = YES;
				CLANG_WARN_BLOCK_CAPTURE_AUTORELEASING = YES;
				CLANG_WARN_BOOL_CONVERSION = YES;
				CLANG_WARN_COMMA = YES;
				CLANG_WARN_CONSTANT_CONVERSION = YES;
				CLANG_WARN_DIRECT_OBJC_ISA_USAGE = YES_ERROR;
				CLANG_WARN_DOCUMENTATION_COMMENTS = YES;
				CLANG_WARN_EMPTY_BODY = YES;
				CLANG_WARN_ENUM_CONVERSION = YES;
				CLANG_WARN_INFINITE_RECURSION = YES;
				CLANG_WARN_INT_CONVERSION = YES;
				CLANG_WARN_NON_LITERAL_NULL_CONVERSION = YES;
				CLANG_WARN_OBJC_LITERAL_CONVERSION = YES;
				CLANG_WARN_OBJC_ROOT_CLASS = YES_ERROR;
				CLANG_WARN_RANGE_LOOP_ANALYSIS = YES;
				CLANG_WARN_STRICT_PROTOTYPES = YES;
				CLANG_WARN_SUSPICIOUS_MOVE = YES;
				CLANG_WARN_UNGUARDED_AVAILABILITY = YES_AGGRESSIVE;
				CLANG_WARN_UNREACHABLE_CODE = YES;
				CLANG_WARN__DUPLICATE_METHOD_MATCH = YES;
				CODE_SIGN_IDENTITY = "iPhone Developer";
				COPY_PHASE_STRIP = NO;
				DEBUG_INFORMATION_FORMAT = "dwarf-with-dsym";
				ENABLE_NS_ASSERTIONS = NO;
				ENABLE_STRICT_OBJC_MSGSEND = YES;
				GCC_C_LANGUAGE_STANDARD = gnu11;
				GCC_NO_COMMON_BLOCKS = YES;
				GCC_WARN_64_TO_32_BIT_CONVERSION = YES;
				GCC_WARN_ABOUT_RETURN_TYPE = YES_ERROR;
				GCC_WARN_UNDECLARED_SELECTOR = YES;
				GCC_WARN_UNINITIALIZED_AUTOS = YES_AGGRESSIVE;
				GCC_WARN_UNUSED_FUNCTION = YES;
				GCC_WARN_UNUSED_VARIABLE = YES;
				IPHONEOS_DEPLOYMENT_TARGET = 11.2;
				MTL_ENABLE_DEBUG_INFO = NO;
				SDKROOT = iphoneos;
				SWIFT_OPTIMIZATION_LEVEL = "-Owholemodule";
				VALIDATE_PRODUCT = YES;
			};
			name = Release;
		};
		06EC64DB20510176009C9960 /* Debug */ = {
			isa = XCBuildConfiguration;
			baseConfigurationReference = 142DF01CCB8D917F91E0074B /* Pods-HackerMash.debug.xcconfig */;
			buildSettings = {
				ASSETCATALOG_COMPILER_APPICON_NAME = AppIcon;
				CODE_SIGN_STYLE = Automatic;
				DEVELOPMENT_TEAM = 79FS6EETVS;
				INFOPLIST_FILE = HackerMash/Info.plist;
				IPHONEOS_DEPLOYMENT_TARGET = 11.0;
				LD_RUNPATH_SEARCH_PATHS = "$(inherited) @executable_path/Frameworks";
				PRODUCT_BUNDLE_IDENTIFIER = com.manish.HackerMash;
				PRODUCT_NAME = "$(TARGET_NAME)";
				SWIFT_VERSION = 4.0;
				TARGETED_DEVICE_FAMILY = "1,2";
			};
			name = Debug;
		};
		06EC64DC20510176009C9960 /* Release */ = {
			isa = XCBuildConfiguration;
			baseConfigurationReference = BD04C8FAFB87A5361869B710 /* Pods-HackerMash.release.xcconfig */;
			buildSettings = {
				ASSETCATALOG_COMPILER_APPICON_NAME = AppIcon;
				CODE_SIGN_STYLE = Automatic;
				DEVELOPMENT_TEAM = 79FS6EETVS;
				INFOPLIST_FILE = HackerMash/Info.plist;
				IPHONEOS_DEPLOYMENT_TARGET = 11.0;
				LD_RUNPATH_SEARCH_PATHS = "$(inherited) @executable_path/Frameworks";
				PRODUCT_BUNDLE_IDENTIFIER = com.manish.HackerMash;
				PRODUCT_NAME = "$(TARGET_NAME)";
				SWIFT_VERSION = 4.0;
				TARGETED_DEVICE_FAMILY = "1,2";
			};
			name = Release;
		};
/* End XCBuildConfiguration section */

/* Begin XCConfigurationList section */
		06EC64C320510176009C9960 /* Build configuration list for PBXProject "HackerMash" */ = {
			isa = XCConfigurationList;
			buildConfigurations = (
				06EC64D820510176009C9960 /* Debug */,
				06EC64D920510176009C9960 /* Release */,
			);
			defaultConfigurationIsVisible = 0;
			defaultConfigurationName = Release;
		};
		06EC64DA20510176009C9960 /* Build configuration list for PBXNativeTarget "HackerMash" */ = {
			isa = XCConfigurationList;
			buildConfigurations = (
				06EC64DB20510176009C9960 /* Debug */,
				06EC64DC20510176009C9960 /* Release */,
			);
			defaultConfigurationIsVisible = 0;
			defaultConfigurationName = Release;
		};
/* End XCConfigurationList section */
	};
	rootObject = 06EC64C020510176009C9960 /* Project object */;
}
